// !$*UTF8*$!
{
	archiveVersion = 1;
	classes = {
	};
	objectVersion = 51;
	objects = {

/* Begin PBXBuildFile section */
		A2932D16FB8A491996372BC7 /* Pods_SecondSpringApp.framework in Frameworks */ = {isa = PBXBuildFile; fileRef = CADC7F43168CF21E8678401E /* Pods_SecondSpringApp.framework */; };
		E5159B0A2647FF960031AEB0 /* AppDelegate.swift in Sources */ = {isa = PBXBuildFile; fileRef = E5159B092647FF960031AEB0 /* AppDelegate.swift */; };
		E5159B0C2647FF960031AEB0 /* SceneDelegate.swift in Sources */ = {isa = PBXBuildFile; fileRef = E5159B0B2647FF960031AEB0 /* SceneDelegate.swift */; };
		E5159B0E2647FF960031AEB0 /* SplashScreenViewController.swift in Sources */ = {isa = PBXBuildFile; fileRef = E5159B0D2647FF960031AEB0 /* SplashScreenViewController.swift */; };
		E5159B132647FF990031AEB0 /* Assets.xcassets in Resources */ = {isa = PBXBuildFile; fileRef = E5159B122647FF990031AEB0 /* Assets.xcassets */; };
		E5159B162647FF990031AEB0 /* LaunchScreen.storyboard in Resources */ = {isa = PBXBuildFile; fileRef = E5159B142647FF990031AEB0 /* LaunchScreen.storyboard */; };
		E5159B24264808710031AEB0 /* SplashScreen.storyboard in Resources */ = {isa = PBXBuildFile; fileRef = E5159B23264808710031AEB0 /* SplashScreen.storyboard */; };
		E5159B31264810830031AEB0 /* StoryboardInstantiable.swift in Sources */ = {isa = PBXBuildFile; fileRef = E5159B30264810830031AEB0 /* StoryboardInstantiable.swift */; };
		E53418FA26487D270066072C /* SignUpScreen.storyboard in Resources */ = {isa = PBXBuildFile; fileRef = E53418F926487D270066072C /* SignUpScreen.storyboard */; };
		E53418FC26487DF90066072C /* SignUpScreenViewController.swift in Sources */ = {isa = PBXBuildFile; fileRef = E53418FB26487DF90066072C /* SignUpScreenViewController.swift */; };
		E53418FF264881590066072C /* LoginState.swift in Sources */ = {isa = PBXBuildFile; fileRef = E53418FE264881590066072C /* LoginState.swift */; };
		E534190626488AAF0066072C /* UIApplication+Extensions.swift in Sources */ = {isa = PBXBuildFile; fileRef = E534190526488AAF0066072C /* UIApplication+Extensions.swift */; };
		E58830AA264D6ABE005EFB55 /* RoomTableViewCell.swift in Sources */ = {isa = PBXBuildFile; fileRef = E58830A9264D6ABE005EFB55 /* RoomTableViewCell.swift */; };
		E58830AD264D7B59005EFB55 /* RoomModel.swift in Sources */ = {isa = PBXBuildFile; fileRef = E58830AC264D7B59005EFB55 /* RoomModel.swift */; };
		E5A1118F26516002007A0A46 /* CustomTextField.swift in Sources */ = {isa = PBXBuildFile; fileRef = E5A1118E26516002007A0A46 /* CustomTextField.swift */; };
		E5D7BCB7264C09D600114998 /* FirebaseFirestoreManager.swift in Sources */ = {isa = PBXBuildFile; fileRef = E5D7BCB6264C09D600114998 /* FirebaseFirestoreManager.swift */; };
		E5EB915A264977D700C73FFF /* RegisterViewController.swift in Sources */ = {isa = PBXBuildFile; fileRef = E5EB9159264977D700C73FFF /* RegisterViewController.swift */; };
		E5EB915C2649782300C73FFF /* RegisterScreen.storyboard in Resources */ = {isa = PBXBuildFile; fileRef = E5EB915B2649782300C73FFF /* RegisterScreen.storyboard */; };
		E5EB915E2649783600C73FFF /* LoginViewController.swift in Sources */ = {isa = PBXBuildFile; fileRef = E5EB915D2649783600C73FFF /* LoginViewController.swift */; };
		E5EB91602649785000C73FFF /* Login.storyboard in Resources */ = {isa = PBXBuildFile; fileRef = E5EB915F2649785000C73FFF /* Login.storyboard */; };
		E5F32C62264E94F200EA3CD1 /* ChatViewController.swift in Sources */ = {isa = PBXBuildFile; fileRef = E5F32C61264E94F200EA3CD1 /* ChatViewController.swift */; };
		E5F32C64264E950B00EA3CD1 /* Chat.storyboard in Resources */ = {isa = PBXBuildFile; fileRef = E5F32C63264E950B00EA3CD1 /* Chat.storyboard */; };
		E5F32C66264E97C700EA3CD1 /* ChatTableViewCell.swift in Sources */ = {isa = PBXBuildFile; fileRef = E5F32C65264E97C700EA3CD1 /* ChatTableViewCell.swift */; };
		E5FC4A68264AB7D5004F60AC /* HomeViewController.swift in Sources */ = {isa = PBXBuildFile; fileRef = E5FC4A67264AB7D5004F60AC /* HomeViewController.swift */; };
		E5FC4A6A264AB7E1004F60AC /* Home.storyboard in Resources */ = {isa = PBXBuildFile; fileRef = E5FC4A69264AB7E1004F60AC /* Home.storyboard */; };
		E5FC4A6C264ADF03004F60AC /* GoogleService-Info.plist in Resources */ = {isa = PBXBuildFile; fileRef = E5FC4A6B264ADF03004F60AC /* GoogleService-Info.plist */; };
		E5FC4A6E264AE3E5004F60AC /* String+Extensions.swift in Sources */ = {isa = PBXBuildFile; fileRef = E5FC4A6D264AE3E5004F60AC /* String+Extensions.swift */; };
		E5FC4A71264AE9AC004F60AC /* FirebaseAuthManager.swift in Sources */ = {isa = PBXBuildFile; fileRef = E5FC4A70264AE9AC004F60AC /* FirebaseAuthManager.swift */; };
/* End PBXBuildFile section */

/* Begin PBXFileReference section */
		36BDAED324232F1E4E877342 /* Pods-SecondSpringApp.release.xcconfig */ = {isa = PBXFileReference; includeInIndex = 1; lastKnownFileType = text.xcconfig; name = "Pods-SecondSpringApp.release.xcconfig"; path = "Target Support Files/Pods-SecondSpringApp/Pods-SecondSpringApp.release.xcconfig"; sourceTree = "<group>"; };
		B8129B6BEC00EED6B6680908 /* Pods-SecondSpringApp.debug.xcconfig */ = {isa = PBXFileReference; includeInIndex = 1; lastKnownFileType = text.xcconfig; name = "Pods-SecondSpringApp.debug.xcconfig"; path = "Target Support Files/Pods-SecondSpringApp/Pods-SecondSpringApp.debug.xcconfig"; sourceTree = "<group>"; };
		CADC7F43168CF21E8678401E /* Pods_SecondSpringApp.framework */ = {isa = PBXFileReference; explicitFileType = wrapper.framework; includeInIndex = 0; path = Pods_SecondSpringApp.framework; sourceTree = BUILT_PRODUCTS_DIR; };
		E5159B062647FF950031AEB0 /* SecondSpringApp.app */ = {isa = PBXFileReference; explicitFileType = wrapper.application; includeInIndex = 0; path = SecondSpringApp.app; sourceTree = BUILT_PRODUCTS_DIR; };
		E5159B092647FF960031AEB0 /* AppDelegate.swift */ = {isa = PBXFileReference; lastKnownFileType = sourcecode.swift; path = AppDelegate.swift; sourceTree = "<group>"; };
		E5159B0B2647FF960031AEB0 /* SceneDelegate.swift */ = {isa = PBXFileReference; lastKnownFileType = sourcecode.swift; path = SceneDelegate.swift; sourceTree = "<group>"; };
		E5159B0D2647FF960031AEB0 /* SplashScreenViewController.swift */ = {isa = PBXFileReference; lastKnownFileType = sourcecode.swift; path = SplashScreenViewController.swift; sourceTree = "<group>"; };
		E5159B122647FF990031AEB0 /* Assets.xcassets */ = {isa = PBXFileReference; lastKnownFileType = folder.assetcatalog; path = Assets.xcassets; sourceTree = "<group>"; };
		E5159B152647FF990031AEB0 /* Base */ = {isa = PBXFileReference; lastKnownFileType = file.storyboard; name = Base; path = Base.lproj/LaunchScreen.storyboard; sourceTree = "<group>"; };
		E5159B172647FF990031AEB0 /* Info.plist */ = {isa = PBXFileReference; lastKnownFileType = text.plist.xml; path = Info.plist; sourceTree = "<group>"; };
		E5159B23264808710031AEB0 /* SplashScreen.storyboard */ = {isa = PBXFileReference; lastKnownFileType = file.storyboard; path = SplashScreen.storyboard; sourceTree = "<group>"; };
		E5159B30264810830031AEB0 /* StoryboardInstantiable.swift */ = {isa = PBXFileReference; lastKnownFileType = sourcecode.swift; path = StoryboardInstantiable.swift; sourceTree = "<group>"; };
		E53418F926487D270066072C /* SignUpScreen.storyboard */ = {isa = PBXFileReference; lastKnownFileType = file.storyboard; path = SignUpScreen.storyboard; sourceTree = "<group>"; };
		E53418FB26487DF90066072C /* SignUpScreenViewController.swift */ = {isa = PBXFileReference; lastKnownFileType = sourcecode.swift; path = SignUpScreenViewController.swift; sourceTree = "<group>"; };
		E53418FE264881590066072C /* LoginState.swift */ = {isa = PBXFileReference; lastKnownFileType = sourcecode.swift; path = LoginState.swift; sourceTree = "<group>"; };
		E534190526488AAF0066072C /* UIApplication+Extensions.swift */ = {isa = PBXFileReference; lastKnownFileType = sourcecode.swift; path = "UIApplication+Extensions.swift"; sourceTree = "<group>"; };
		E58830A9264D6ABE005EFB55 /* RoomTableViewCell.swift */ = {isa = PBXFileReference; lastKnownFileType = sourcecode.swift; path = RoomTableViewCell.swift; sourceTree = "<group>"; };
		E58830AC264D7B59005EFB55 /* RoomModel.swift */ = {isa = PBXFileReference; lastKnownFileType = sourcecode.swift; path = RoomModel.swift; sourceTree = "<group>"; };
		E5A1118E26516002007A0A46 /* CustomTextField.swift */ = {isa = PBXFileReference; lastKnownFileType = sourcecode.swift; path = CustomTextField.swift; sourceTree = "<group>"; };
		E5D7BCB6264C09D600114998 /* FirebaseFirestoreManager.swift */ = {isa = PBXFileReference; lastKnownFileType = sourcecode.swift; path = FirebaseFirestoreManager.swift; sourceTree = "<group>"; };
		E5EB9159264977D700C73FFF /* RegisterViewController.swift */ = {isa = PBXFileReference; lastKnownFileType = sourcecode.swift; path = RegisterViewController.swift; sourceTree = "<group>"; };
		E5EB915B2649782300C73FFF /* RegisterScreen.storyboard */ = {isa = PBXFileReference; lastKnownFileType = file.storyboard; path = RegisterScreen.storyboard; sourceTree = "<group>"; };
		E5EB915D2649783600C73FFF /* LoginViewController.swift */ = {isa = PBXFileReference; lastKnownFileType = sourcecode.swift; path = LoginViewController.swift; sourceTree = "<group>"; };
		E5EB915F2649785000C73FFF /* Login.storyboard */ = {isa = PBXFileReference; lastKnownFileType = file.storyboard; path = Login.storyboard; sourceTree = "<group>"; };
		E5F32C61264E94F200EA3CD1 /* ChatViewController.swift */ = {isa = PBXFileReference; lastKnownFileType = sourcecode.swift; path = ChatViewController.swift; sourceTree = "<group>"; };
		E5F32C63264E950B00EA3CD1 /* Chat.storyboard */ = {isa = PBXFileReference; lastKnownFileType = file.storyboard; path = Chat.storyboard; sourceTree = "<group>"; };
		E5F32C65264E97C700EA3CD1 /* ChatTableViewCell.swift */ = {isa = PBXFileReference; lastKnownFileType = sourcecode.swift; path = ChatTableViewCell.swift; sourceTree = "<group>"; };
		E5FC4A67264AB7D5004F60AC /* HomeViewController.swift */ = {isa = PBXFileReference; lastKnownFileType = sourcecode.swift; path = HomeViewController.swift; sourceTree = "<group>"; };
		E5FC4A69264AB7E1004F60AC /* Home.storyboard */ = {isa = PBXFileReference; lastKnownFileType = file.storyboard; path = Home.storyboard; sourceTree = "<group>"; };
		E5FC4A6B264ADF03004F60AC /* GoogleService-Info.plist */ = {isa = PBXFileReference; fileEncoding = 4; lastKnownFileType = text.plist.xml; path = "GoogleService-Info.plist"; sourceTree = "<group>"; };
		E5FC4A6D264AE3E5004F60AC /* String+Extensions.swift */ = {isa = PBXFileReference; lastKnownFileType = sourcecode.swift; path = "String+Extensions.swift"; sourceTree = "<group>"; };
		E5FC4A70264AE9AC004F60AC /* FirebaseAuthManager.swift */ = {isa = PBXFileReference; lastKnownFileType = sourcecode.swift; path = FirebaseAuthManager.swift; sourceTree = "<group>"; };
/* End PBXFileReference section */

/* Begin PBXFrameworksBuildPhase section */
		E5159B032647FF950031AEB0 /* Frameworks */ = {
			isa = PBXFrameworksBuildPhase;
			buildActionMask = 2147483647;
			files = (
				A2932D16FB8A491996372BC7 /* Pods_SecondSpringApp.framework in Frameworks */,
			);
			runOnlyForDeploymentPostprocessing = 0;
		};
/* End PBXFrameworksBuildPhase section */

/* Begin PBXGroup section */
		99D185E2568EE470086BAE8A /* Pods */ = {
			isa = PBXGroup;
			children = (
				B8129B6BEC00EED6B6680908 /* Pods-SecondSpringApp.debug.xcconfig */,
				36BDAED324232F1E4E877342 /* Pods-SecondSpringApp.release.xcconfig */,
			);
			path = Pods;
			sourceTree = "<group>";
		};
		DC125F7C9478E6252C7F7022 /* Frameworks */ = {
			isa = PBXGroup;
			children = (
				CADC7F43168CF21E8678401E /* Pods_SecondSpringApp.framework */,
			);
			name = Frameworks;
			sourceTree = "<group>";
		};
		E5159AFD2647FF950031AEB0 = {
			isa = PBXGroup;
			children = (
				E5159B082647FF950031AEB0 /* SecondSpringApp */,
				E5159B072647FF950031AEB0 /* Products */,
				99D185E2568EE470086BAE8A /* Pods */,
				DC125F7C9478E6252C7F7022 /* Frameworks */,
			);
			sourceTree = "<group>";
		};
		E5159B072647FF950031AEB0 /* Products */ = {
			isa = PBXGroup;
			children = (
				E5159B062647FF950031AEB0 /* SecondSpringApp.app */,
			);
			name = Products;
			sourceTree = "<group>";
		};
		E5159B082647FF950031AEB0 /* SecondSpringApp */ = {
			isa = PBXGroup;
			children = (
				E5159B21264807310031AEB0 /* AppDelegate */,
				E5159B122647FF990031AEB0 /* Assets.xcassets */,
				E5A1118D26515FDD007A0A46 /* CustomTextFields */,
				E53418FD2648813E0066072C /* Enumerations */,
				E534190426488A8D0066072C /* Extensions */,
				E5FC4A6B264ADF03004F60AC /* GoogleService-Info.plist */,
				E5159B172647FF990031AEB0 /* Info.plist */,
				E5159B142647FF990031AEB0 /* LaunchScreen.storyboard */,
				E58830AB264D7B3D005EFB55 /* Models */,
				E5FC4A6F264AE975004F60AC /* NetworkManager */,
				E5159B2F264810600031AEB0 /* Protocols */,
				E5159B1D264806450031AEB0 /* Screens */,
			);
			path = SecondSpringApp;
			sourceTree = "<group>";
		};
		E5159B1D264806450031AEB0 /* Screens */ = {
			isa = PBXGroup;
			children = (
				E5F32C60264E947500EA3CD1 /* Chat */,
				E5FC4A66264AB7C2004F60AC /* Home */,
				E5EB9157264977A700C73FFF /* Login */,
				E5EB9158264977B100C73FFF /* Register */,
				E5159B322648175D0031AEB0 /* SignUp */,
				E5159B22264808090031AEB0 /* Splash */,
				E58830A8264D6A79005EFB55 /* TableViewCells */,
			);
			path = Screens;
			sourceTree = "<group>";
		};
		E5159B21264807310031AEB0 /* AppDelegate */ = {
			isa = PBXGroup;
			children = (
				E5159B092647FF960031AEB0 /* AppDelegate.swift */,
				E5159B0B2647FF960031AEB0 /* SceneDelegate.swift */,
			);
			path = AppDelegate;
			sourceTree = "<group>";
		};
		E5159B22264808090031AEB0 /* Splash */ = {
			isa = PBXGroup;
			children = (
				E5159B0D2647FF960031AEB0 /* SplashScreenViewController.swift */,
				E5159B23264808710031AEB0 /* SplashScreen.storyboard */,
			);
			path = Splash;
			sourceTree = "<group>";
		};
		E5159B2F264810600031AEB0 /* Protocols */ = {
			isa = PBXGroup;
			children = (
				E5159B30264810830031AEB0 /* StoryboardInstantiable.swift */,
			);
			path = Protocols;
			sourceTree = "<group>";
		};
		E5159B322648175D0031AEB0 /* SignUp */ = {
			isa = PBXGroup;
			children = (
				E53418F926487D270066072C /* SignUpScreen.storyboard */,
				E53418FB26487DF90066072C /* SignUpScreenViewController.swift */,
			);
			path = SignUp;
			sourceTree = "<group>";
		};
		E53418FD2648813E0066072C /* Enumerations */ = {
			isa = PBXGroup;
			children = (
				E53418FE264881590066072C /* LoginState.swift */,
			);
			path = Enumerations;
			sourceTree = "<group>";
		};
		E534190426488A8D0066072C /* Extensions */ = {
			isa = PBXGroup;
			children = (
				E534190526488AAF0066072C /* UIApplication+Extensions.swift */,
				E5FC4A6D264AE3E5004F60AC /* String+Extensions.swift */,
			);
			path = Extensions;
			sourceTree = "<group>";
		};
		E58830A8264D6A79005EFB55 /* TableViewCells */ = {
			isa = PBXGroup;
			children = (
				E58830A9264D6ABE005EFB55 /* RoomTableViewCell.swift */,
				E5F32C65264E97C700EA3CD1 /* ChatTableViewCell.swift */,
			);
			path = TableViewCells;
			sourceTree = "<group>";
		};
		E58830AB264D7B3D005EFB55 /* Models */ = {
			isa = PBXGroup;
			children = (
				E58830AC264D7B59005EFB55 /* RoomModel.swift */,
			);
			path = Models;
			sourceTree = "<group>";
		};
		E5A1118D26515FDD007A0A46 /* CustomTextFields */ = {
			isa = PBXGroup;
			children = (
				E5A1118E26516002007A0A46 /* CustomTextField.swift */,
			);
			path = CustomTextFields;
			sourceTree = "<group>";
		};
		E5EB9157264977A700C73FFF /* Login */ = {
			isa = PBXGroup;
			children = (
				E5EB915D2649783600C73FFF /* LoginViewController.swift */,
				E5EB915F2649785000C73FFF /* Login.storyboard */,
			);
			path = Login;
			sourceTree = "<group>";
		};
		E5EB9158264977B100C73FFF /* Register */ = {
			isa = PBXGroup;
			children = (
				E5EB9159264977D700C73FFF /* RegisterViewController.swift */,
				E5EB915B2649782300C73FFF /* RegisterScreen.storyboard */,
			);
			path = Register;
			sourceTree = "<group>";
		};
		E5F32C60264E947500EA3CD1 /* Chat */ = {
			isa = PBXGroup;
			children = (
				E5F32C61264E94F200EA3CD1 /* ChatViewController.swift */,
				E5F32C63264E950B00EA3CD1 /* Chat.storyboard */,
			);
			path = Chat;
			sourceTree = "<group>";
		};
		E5FC4A66264AB7C2004F60AC /* Home */ = {
			isa = PBXGroup;
			children = (
				E5FC4A67264AB7D5004F60AC /* HomeViewController.swift */,
				E5FC4A69264AB7E1004F60AC /* Home.storyboard */,
			);
			path = Home;
			sourceTree = "<group>";
		};
		E5FC4A6F264AE975004F60AC /* NetworkManager */ = {
			isa = PBXGroup;
			children = (
				E5FC4A70264AE9AC004F60AC /* FirebaseAuthManager.swift */,
				E5D7BCB6264C09D600114998 /* FirebaseFirestoreManager.swift */,
			);
			path = NetworkManager;
			sourceTree = "<group>";
		};
/* End PBXGroup section */

/* Begin PBXNativeTarget section */
		E5159B052647FF950031AEB0 /* SecondSpringApp */ = {
			isa = PBXNativeTarget;
			buildConfigurationList = E5159B1A2647FF990031AEB0 /* Build configuration list for PBXNativeTarget "SecondSpringApp" */;
			buildPhases = (
				A9D00D58EC977A93B278E828 /* [CP] Check Pods Manifest.lock */,
				E5159B022647FF950031AEB0 /* Sources */,
				E5159B032647FF950031AEB0 /* Frameworks */,
				E5159B042647FF950031AEB0 /* Resources */,
				0F1E35293152DEC6B0BBC226 /* [CP] Embed Pods Frameworks */,
			);
			buildRules = (
			);
			dependencies = (
			);
			name = SecondSpringApp;
			productName = SecondSpringApp;
			productReference = E5159B062647FF950031AEB0 /* SecondSpringApp.app */;
			productType = "com.apple.product-type.application";
		};
/* End PBXNativeTarget section */

/* Begin PBXProject section */
		E5159AFE2647FF950031AEB0 /* Project object */ = {
			isa = PBXProject;
			attributes = {
				LastSwiftUpdateCheck = 1150;
				LastUpgradeCheck = 1150;
				ORGANIZATIONNAME = fahreddin;
				TargetAttributes = {
					E5159B052647FF950031AEB0 = {
						CreatedOnToolsVersion = 11.5;
					};
				};
			};
			buildConfigurationList = E5159B012647FF950031AEB0 /* Build configuration list for PBXProject "SecondSpringApp" */;
			compatibilityVersion = "Xcode 9.3";
			developmentRegion = en;
			hasScannedForEncodings = 0;
			knownRegions = (
				en,
				Base,
			);
			mainGroup = E5159AFD2647FF950031AEB0;
			productRefGroup = E5159B072647FF950031AEB0 /* Products */;
			projectDirPath = "";
			projectRoot = "";
			targets = (
				E5159B052647FF950031AEB0 /* SecondSpringApp */,
			);
		};
/* End PBXProject section */

/* Begin PBXResourcesBuildPhase section */
		E5159B042647FF950031AEB0 /* Resources */ = {
			isa = PBXResourcesBuildPhase;
			buildActionMask = 2147483647;
			files = (
				E5F32C64264E950B00EA3CD1 /* Chat.storyboard in Resources */,
				E5FC4A6A264AB7E1004F60AC /* Home.storyboard in Resources */,
				E5FC4A6C264ADF03004F60AC /* GoogleService-Info.plist in Resources */,
				E53418FA26487D270066072C /* SignUpScreen.storyboard in Resources */,
				E5159B162647FF990031AEB0 /* LaunchScreen.storyboard in Resources */,
				E5159B24264808710031AEB0 /* SplashScreen.storyboard in Resources */,
				E5159B132647FF990031AEB0 /* Assets.xcassets in Resources */,
				E5EB91602649785000C73FFF /* Login.storyboard in Resources */,
				E5EB915C2649782300C73FFF /* RegisterScreen.storyboard in Resources */,
			);
			runOnlyForDeploymentPostprocessing = 0;
		};
/* End PBXResourcesBuildPhase section */

/* Begin PBXShellScriptBuildPhase section */
		0F1E35293152DEC6B0BBC226 /* [CP] Embed Pods Frameworks */ = {
			isa = PBXShellScriptBuildPhase;
			buildActionMask = 2147483647;
			files = (
			);
			inputFileListPaths = (
				"${PODS_ROOT}/Target Support Files/Pods-SecondSpringApp/Pods-SecondSpringApp-frameworks-${CONFIGURATION}-input-files.xcfilelist",
			);
			name = "[CP] Embed Pods Frameworks";
			outputFileListPaths = (
				"${PODS_ROOT}/Target Support Files/Pods-SecondSpringApp/Pods-SecondSpringApp-frameworks-${CONFIGURATION}-output-files.xcfilelist",
			);
			runOnlyForDeploymentPostprocessing = 0;
			shellPath = /bin/sh;
			shellScript = "\"${PODS_ROOT}/Target Support Files/Pods-SecondSpringApp/Pods-SecondSpringApp-frameworks.sh\"\n";
			showEnvVarsInLog = 0;
		};
		A9D00D58EC977A93B278E828 /* [CP] Check Pods Manifest.lock */ = {
			isa = PBXShellScriptBuildPhase;
			buildActionMask = 2147483647;
			files = (
			);
			inputFileListPaths = (
			);
			inputPaths = (
				"${PODS_PODFILE_DIR_PATH}/Podfile.lock",
				"${PODS_ROOT}/Manifest.lock",
			);
			name = "[CP] Check Pods Manifest.lock";
			outputFileListPaths = (
			);
			outputPaths = (
				"$(DERIVED_FILE_DIR)/Pods-SecondSpringApp-checkManifestLockResult.txt",
			);
			runOnlyForDeploymentPostprocessing = 0;
			shellPath = /bin/sh;
			shellScript = "diff \"${PODS_PODFILE_DIR_PATH}/Podfile.lock\" \"${PODS_ROOT}/Manifest.lock\" > /dev/null\nif [ $? != 0 ] ; then\n    # print error to STDERR\n    echo \"error: The sandbox is not in sync with the Podfile.lock. Run 'pod install' or update your CocoaPods installation.\" >&2\n    exit 1\nfi\n# This output is used by Xcode 'outputs' to avoid re-running this script phase.\necho \"SUCCESS\" > \"${SCRIPT_OUTPUT_FILE_0}\"\n";
			showEnvVarsInLog = 0;
		};
/* End PBXShellScriptBuildPhase section */

/* Begin PBXSourcesBuildPhase section */
		E5159B022647FF950031AEB0 /* Sources */ = {
			isa = PBXSourcesBuildPhase;
			buildActionMask = 2147483647;
			files = (
				E5FC4A71264AE9AC004F60AC /* FirebaseAuthManager.swift in Sources */,
				E5EB915E2649783600C73FFF /* LoginViewController.swift in Sources */,
				E5F32C62264E94F200EA3CD1 /* ChatViewController.swift in Sources */,
				E58830AD264D7B59005EFB55 /* RoomModel.swift in Sources */,
				E5FC4A6E264AE3E5004F60AC /* String+Extensions.swift in Sources */,
				E5159B0E2647FF960031AEB0 /* SplashScreenViewController.swift in Sources */,
				E534190626488AAF0066072C /* UIApplication+Extensions.swift in Sources */,
				E53418FF264881590066072C /* LoginState.swift in Sources */,
				E5A1118F26516002007A0A46 /* CustomTextField.swift in Sources */,
				E5EB915A264977D700C73FFF /* RegisterViewController.swift in Sources */,
				E5FC4A68264AB7D5004F60AC /* HomeViewController.swift in Sources */,
				E5159B0A2647FF960031AEB0 /* AppDelegate.swift in Sources */,
				E5159B31264810830031AEB0 /* StoryboardInstantiable.swift in Sources */,
				E5F32C66264E97C700EA3CD1 /* ChatTableViewCell.swift in Sources */,
				E58830AA264D6ABE005EFB55 /* RoomTableViewCell.swift in Sources */,
				E5D7BCB7264C09D600114998 /* FirebaseFirestoreManager.swift in Sources */,
				E53418FC26487DF90066072C /* SignUpScreenViewController.swift in Sources */,
				E5159B0C2647FF960031AEB0 /* SceneDelegate.swift in Sources */,
			);
			runOnlyForDeploymentPostprocessing = 0;
		};
/* End PBXSourcesBuildPhase section */

/* Begin PBXVariantGroup section */
		E5159B142647FF990031AEB0 /* LaunchScreen.storyboard */ = {
			isa = PBXVariantGroup;
			children = (
				E5159B152647FF990031AEB0 /* Base */,
			);
			name = LaunchScreen.storyboard;
			sourceTree = "<group>";
		};
/* End PBXVariantGroup section */

/* Begin XCBuildConfiguration section */
		E5159B182647FF990031AEB0 /* Debug */ = {
			isa = XCBuildConfiguration;
			buildSettings = {
				ALWAYS_SEARCH_USER_PATHS = NO;
				CLANG_ANALYZER_NONNULL = YES;
				CLANG_ANALYZER_NUMBER_OBJECT_CONVERSION = YES_AGGRESSIVE;
				CLANG_CXX_LANGUAGE_STANDARD = "gnu++14";
				CLANG_CXX_LIBRARY = "libc++";
				CLANG_ENABLE_MODULES = YES;
				CLANG_ENABLE_OBJC_ARC = YES;
				CLANG_ENABLE_OBJC_WEAK = YES;
				CLANG_WARN_BLOCK_CAPTURE_AUTORELEASING = YES;
				CLANG_WARN_BOOL_CONVERSION = YES;
				CLANG_WARN_COMMA = YES;
				CLANG_WARN_CONSTANT_CONVERSION = YES;
				CLANG_WARN_DEPRECATED_OBJC_IMPLEMENTATIONS = YES;
				CLANG_WARN_DIRECT_OBJC_ISA_USAGE = YES_ERROR;
				CLANG_WARN_DOCUMENTATION_COMMENTS = YES;
				CLANG_WARN_EMPTY_BODY = YES;
				CLANG_WARN_ENUM_CONVERSION = YES;
				CLANG_WARN_INFINITE_RECURSION = YES;
				CLANG_WARN_INT_CONVERSION = YES;
				CLANG_WARN_NON_LITERAL_NULL_CONVERSION = YES;
				CLANG_WARN_OBJC_IMPLICIT_RETAIN_SELF = YES;
				CLANG_WARN_OBJC_LITERAL_CONVERSION = YES;
				CLANG_WARN_OBJC_ROOT_CLASS = YES_ERROR;
				CLANG_WARN_RANGE_LOOP_ANALYSIS = YES;
				CLANG_WARN_STRICT_PROTOTYPES = YES;
				CLANG_WARN_SUSPICIOUS_MOVE = YES;
				CLANG_WARN_UNGUARDED_AVAILABILITY = YES_AGGRESSIVE;
				CLANG_WARN_UNREACHABLE_CODE = YES;
				CLANG_WARN__DUPLICATE_METHOD_MATCH = YES;
				COPY_PHASE_STRIP = NO;
				DEBUG_INFORMATION_FORMAT = dwarf;
				ENABLE_STRICT_OBJC_MSGSEND = YES;
				ENABLE_TESTABILITY = YES;
				GCC_C_LANGUAGE_STANDARD = gnu11;
				GCC_DYNAMIC_NO_PIC = NO;
				GCC_NO_COMMON_BLOCKS = YES;
				GCC_OPTIMIZATION_LEVEL = 0;
				GCC_PREPROCESSOR_DEFINITIONS = (
					"DEBUG=1",
					"$(inherited)",
				);
				GCC_WARN_64_TO_32_BIT_CONVERSION = YES;
				GCC_WARN_ABOUT_RETURN_TYPE = YES_ERROR;
				GCC_WARN_UNDECLARED_SELECTOR = YES;
				GCC_WARN_UNINITIALIZED_AUTOS = YES_AGGRESSIVE;
				GCC_WARN_UNUSED_FUNCTION = YES;
				GCC_WARN_UNUSED_VARIABLE = YES;
				IPHONEOS_DEPLOYMENT_TARGET = 13.5;
				MTL_ENABLE_DEBUG_INFO = INCLUDE_SOURCE;
				MTL_FAST_MATH = YES;
				ONLY_ACTIVE_ARCH = YES;
				SDKROOT = iphoneos;
				SWIFT_ACTIVE_COMPILATION_CONDITIONS = DEBUG;
				SWIFT_OPTIMIZATION_LEVEL = "-Onone";
			};
			name = Debug;
		};
		E5159B192647FF990031AEB0 /* Release */ = {
			isa = XCBuildConfiguration;
			buildSettings = {
				ALWAYS_SEARCH_USER_PATHS = NO;
				CLANG_ANALYZER_NONNULL = YES;
				CLANG_ANALYZER_NUMBER_OBJECT_CONVERSION = YES_AGGRESSIVE;
				CLANG_CXX_LANGUAGE_STANDARD = "gnu++14";
				CLANG_CXX_LIBRARY = "libc++";
				CLANG_ENABLE_MODULES = YES;
				CLANG_ENABLE_OBJC_ARC = YES;
				CLANG_ENABLE_OBJC_WEAK = YES;
				CLANG_WARN_BLOCK_CAPTURE_AUTORELEASING = YES;
				CLANG_WARN_BOOL_CONVERSION = YES;
				CLANG_WARN_COMMA = YES;
				CLANG_WARN_CONSTANT_CONVERSION = YES;
				CLANG_WARN_DEPRECATED_OBJC_IMPLEMENTATIONS = YES;
				CLANG_WARN_DIRECT_OBJC_ISA_USAGE = YES_ERROR;
				CLANG_WARN_DOCUMENTATION_COMMENTS = YES;
				CLANG_WARN_EMPTY_BODY = YES;
				CLANG_WARN_ENUM_CONVERSION = YES;
				CLANG_WARN_INFINITE_RECURSION = YES;
				CLANG_WARN_INT_CONVERSION = YES;
				CLANG_WARN_NON_LITERAL_NULL_CONVERSION = YES;
				CLANG_WARN_OBJC_IMPLICIT_RETAIN_SELF = YES;
				CLANG_WARN_OBJC_LITERAL_CONVERSION = YES;
				CLANG_WARN_OBJC_ROOT_CLASS = YES_ERROR;
				CLANG_WARN_RANGE_LOOP_ANALYSIS = YES;
				CLANG_WARN_STRICT_PROTOTYPES = YES;
				CLANG_WARN_SUSPICIOUS_MOVE = YES;
				CLANG_WARN_UNGUARDED_AVAILABILITY = YES_AGGRESSIVE;
				CLANG_WARN_UNREACHABLE_CODE = YES;
				CLANG_WARN__DUPLICATE_METHOD_MATCH = YES;
				COPY_PHASE_STRIP = NO;
				DEBUG_INFORMATION_FORMAT = "dwarf-with-dsym";
				ENABLE_NS_ASSERTIONS = NO;
				ENABLE_STRICT_OBJC_MSGSEND = YES;
				GCC_C_LANGUAGE_STANDARD = gnu11;
				GCC_NO_COMMON_BLOCKS = YES;
				GCC_WARN_64_TO_32_BIT_CONVERSION = YES;
				GCC_WARN_ABOUT_RETURN_TYPE = YES_ERROR;
				GCC_WARN_UNDECLARED_SELECTOR = YES;
				GCC_WARN_UNINITIALIZED_AUTOS = YES_AGGRESSIVE;
				GCC_WARN_UNUSED_FUNCTION = YES;
				GCC_WARN_UNUSED_VARIABLE = YES;
				IPHONEOS_DEPLOYMENT_TARGET = 13.5;
				MTL_ENABLE_DEBUG_INFO = NO;
				MTL_FAST_MATH = YES;
				SDKROOT = iphoneos;
				SWIFT_COMPILATION_MODE = wholemodule;
				SWIFT_OPTIMIZATION_LEVEL = "-O";
				VALIDATE_PRODUCT = YES;
			};
			name = Release;
		};
		E5159B1B2647FF990031AEB0 /* Debug */ = {
			isa = XCBuildConfiguration;
			baseConfigurationReference = B8129B6BEC00EED6B6680908 /* Pods-SecondSpringApp.debug.xcconfig */;
			buildSettings = {
				ASSETCATALOG_COMPILER_APPICON_NAME = AppIcon;
				CODE_SIGN_STYLE = Manual;
				DEVELOPMENT_TEAM = "";
				INFOPLIST_FILE = SecondSpringApp/Info.plist;
				LD_RUNPATH_SEARCH_PATHS = (
					"$(inherited)",
					"@executable_path/Frameworks",
				);
				PRODUCT_BUNDLE_IDENTIFIER = com.ss.SecondSpringApp;
				PRODUCT_NAME = "$(TARGET_NAME)";
				PROVISIONING_PROFILE_SPECIFIER = "";
				SWIFT_VERSION = 5.0;
				TARGETED_DEVICE_FAMILY = "1,2";
			};
			name = Debug;
		};
		E5159B1C2647FF990031AEB0 /* Release */ = {
			isa = XCBuildConfiguration;
			baseConfigurationReference = 36BDAED324232F1E4E877342 /* Pods-SecondSpringApp.release.xcconfig */;
			buildSettings = {
				ASSETCATALOG_COMPILER_APPICON_NAME = AppIcon;
				CODE_SIGN_STYLE = Manual;
				DEVELOPMENT_TEAM = "";
				INFOPLIST_FILE = SecondSpringApp/Info.plist;
				LD_RUNPATH_SEARCH_PATHS = (
					"$(inherited)",
					"@executable_path/Frameworks",
				);
				PRODUCT_BUNDLE_IDENTIFIER = com.ss.SecondSpringApp;
				PRODUCT_NAME = "$(TARGET_NAME)";
				PROVISIONING_PROFILE_SPECIFIER = "";
				SWIFT_VERSION = 5.0;
				TARGETED_DEVICE_FAMILY = "1,2";
			};
			name = Release;
		};
/* End XCBuildConfiguration section */

/* Begin XCConfigurationList section */
		E5159B012647FF950031AEB0 /* Build configuration list for PBXProject "SecondSpringApp" */ = {
			isa = XCConfigurationList;
			buildConfigurations = (
				E5159B182647FF990031AEB0 /* Debug */,
				E5159B192647FF990031AEB0 /* Release */,
			);
			defaultConfigurationIsVisible = 0;
			defaultConfigurationName = Release;
		};
		E5159B1A2647FF990031AEB0 /* Build configuration list for PBXNativeTarget "SecondSpringApp" */ = {
			isa = XCConfigurationList;
			buildConfigurations = (
				E5159B1B2647FF990031AEB0 /* Debug */,
				E5159B1C2647FF990031AEB0 /* Release */,
			);
			defaultConfigurationIsVisible = 0;
			defaultConfigurationName = Release;
		};
/* End XCConfigurationList section */
	};
	rootObject = E5159AFE2647FF950031AEB0 /* Project object */;
}
